
Microsoft Visual Studio Solution File, Format Version 12.00
# Visual Studio Version 16
VisualStudioVersion = 16.0.30717.126
MinimumVisualStudioVersion = 10.0.40219.1
Project("{9A19103F-16F7-4668-BE54-9A1E7A4F7556}") = "UserManagement.Web", "UserManagement.Web\UserManagement.Web.csproj", "{3FA1C775-C69F-4CEE-BE78-48D71E4BB321}"
EndProject
Global
	GlobalSection(SolutionConfigurationPlatforms) = preSolution
		Debug|Any CPU = Debug|Any CPU
		Release|Any CPU = Release|Any CPU
	EndGlobalSection
	GlobalSection(ProjectConfigurationPlatforms) = postSolution
		{3FA1C775-C69F-4CEE-BE78-48D71E4BB321}.Debug|Any CPU.ActiveCfg = Debug|Any CPU
		{3FA1C775-C69F-4CEE-BE78-48D71E4BB321}.Debug|Any CPU.Build.0 = Debug|Any CPU
		{3FA1C775-C69F-4CEE-BE78-48D71E4BB321}.Release|Any CPU.ActiveCfg = Release|Any CPU
		{3FA1C775-C69F-4CEE-BE78-48D71E4BB321}.Release|Any CPU.Build.0 = Release|Any CPU
	EndGlobalSection
	GlobalSection(SolutionProperties) = preSolution
		HideSolutionNode = FALSE
	EndGlobalSection
	GlobalSection(ExtensibilityGlobals) = postSolution
		SolutionGuid = {317E9264-2D09-40B9-863B-44D09AC5B69A}
	EndGlobalSection
EndGlobal
